
Microsoft Visual Studio Solution File, Format Version 12.00
# Visual Studio 15
Project("{FAE04EC0-301F-11D3-BF4B-00C04F79EFBC}") = "Assembly-CSharp", "Assembly-CSharp.csproj", "{2DBEBBCE-F37C-763E-AC09-2F9FD52201EA}"
EndProject
Global
	GlobalSection(SolutionConfigurationPlatforms) = preSolution
		Debug|Any CPU = Debug|Any CPU
		Release|Any CPU = Release|Any CPU
	EndGlobalSection
	GlobalSection(ProjectConfigurationPlatforms) = postSolution
		{2DBEBBCE-F37C-763E-AC09-2F9FD52201EA}.Debug|Any CPU.ActiveCfg = Debug|Any CPU
		{2DBEBBCE-F37C-763E-AC09-2F9FD52201EA}.Debug|Any CPU.Build.0 = Debug|Any CPU
		{2DBEBBCE-F37C-763E-AC09-2F9FD52201EA}.Release|Any CPU.ActiveCfg = Release|Any CPU
		{2DBEBBCE-F37C-763E-AC09-2F9FD52201EA}.Release|Any CPU.Build.0 = Release|Any CPU
	EndGlobalSection
	GlobalSection(SolutionProperties) = preSolution
		HideSolutionNode = FALSE
	EndGlobalSection
EndGlobal
